// !$*UTF8*$!
{
	archiveVersion = 1;
	classes = {
	};
	objectVersion = 46;
	objects = {

/* Begin PBXBuildFile section */
		982AEB2B1A8315DC000A3A25 /* ListTableViewController.m in Sources */ = {isa = PBXBuildFile; fileRef = 982AEB2A1A8315DC000A3A25 /* ListTableViewController.m */; };
		982AEB2F1A831607000A3A25 /* AddViewController.m in Sources */ = {isa = PBXBuildFile; fileRef = 982AEB2D1A831607000A3A25 /* AddViewController.m */; };
		982AEB301A831607000A3A25 /* AddViewController.xib in Resources */ = {isa = PBXBuildFile; fileRef = 982AEB2E1A831607000A3A25 /* AddViewController.xib */; };
		98E4EC621A81C1E800066D12 /* main.m in Sources */ = {isa = PBXBuildFile; fileRef = 98E4EC611A81C1E800066D12 /* main.m */; };
		98E4EC651A81C1E800066D12 /* AppDelegate.m in Sources */ = {isa = PBXBuildFile; fileRef = 98E4EC641A81C1E800066D12 /* AppDelegate.m */; };
		98E4EC681A81C1E800066D12 /* LearningCoreData.xcdatamodeld in Sources */ = {isa = PBXBuildFile; fileRef = 98E4EC661A81C1E800066D12 /* LearningCoreData.xcdatamodeld */; };
		98E4EC701A81C1E800066D12 /* Images.xcassets in Resources */ = {isa = PBXBuildFile; fileRef = 98E4EC6F1A81C1E800066D12 /* Images.xcassets */; };
		98E4EC731A81C1E800066D12 /* LaunchScreen.xib in Resources */ = {isa = PBXBuildFile; fileRef = 98E4EC711A81C1E800066D12 /* LaunchScreen.xib */; };
		98E4EC7F1A81C1E800066D12 /* LearningCoreDataTests.m in Sources */ = {isa = PBXBuildFile; fileRef = 98E4EC7E1A81C1E800066D12 /* LearningCoreDataTests.m */; };
		98E4EC8A1A81C8E100066D12 /* Person.m in Sources */ = {isa = PBXBuildFile; fileRef = 98E4EC891A81C8E100066D12 /* Person.m */; };
		98E4EC8D1A81C8E200066D12 /* Address.m in Sources */ = {isa = PBXBuildFile; fileRef = 98E4EC8C1A81C8E200066D12 /* Address.m */; };
/* End PBXBuildFile section */

/* Begin PBXContainerItemProxy section */
		98E4EC791A81C1E800066D12 /* PBXContainerItemProxy */ = {
			isa = PBXContainerItemProxy;
			containerPortal = 98E4EC541A81C1E800066D12 /* Project object */;
			proxyType = 1;
			remoteGlobalIDString = 98E4EC5B1A81C1E800066D12;
			remoteInfo = LearningCoreData;
		};
/* End PBXContainerItemProxy section */

/* Begin PBXFileReference section */
		982AEB291A8315DC000A3A25 /* ListTableViewController.h */ = {isa = PBXFileReference; fileEncoding = 4; lastKnownFileType = sourcecode.c.h; path = ListTableViewController.h; sourceTree = "<group>"; };
		982AEB2A1A8315DC000A3A25 /* ListTableViewController.m */ = {isa = PBXFileReference; fileEncoding = 4; lastKnownFileType = sourcecode.c.objc; path = ListTableViewController.m; sourceTree = "<group>"; };
		982AEB2C1A831607000A3A25 /* AddViewController.h */ = {isa = PBXFileReference; fileEncoding = 4; lastKnownFileType = sourcecode.c.h; path = AddViewController.h; sourceTree = "<group>"; };
		982AEB2D1A831607000A3A25 /* AddViewController.m */ = {isa = PBXFileReference; fileEncoding = 4; lastKnownFileType = sourcecode.c.objc; path = AddViewController.m; sourceTree = "<group>"; };
		982AEB2E1A831607000A3A25 /* AddViewController.xib */ = {isa = PBXFileReference; fileEncoding = 4; lastKnownFileType = file.xib; path = AddViewController.xib; sourceTree = "<group>"; };
		98E4EC5C1A81C1E800066D12 /* LearningCoreData.app */ = {isa = PBXFileReference; explicitFileType = wrapper.application; includeInIndex = 0; path = LearningCoreData.app; sourceTree = BUILT_PRODUCTS_DIR; };
		98E4EC601A81C1E800066D12 /* Info.plist */ = {isa = PBXFileReference; lastKnownFileType = text.plist.xml; path = Info.plist; sourceTree = "<group>"; };
		98E4EC611A81C1E800066D12 /* main.m */ = {isa = PBXFileReference; lastKnownFileType = sourcecode.c.objc; path = main.m; sourceTree = "<group>"; };
		98E4EC631A81C1E800066D12 /* AppDelegate.h */ = {isa = PBXFileReference; lastKnownFileType = sourcecode.c.h; path = AppDelegate.h; sourceTree = "<group>"; };
		98E4EC641A81C1E800066D12 /* AppDelegate.m */ = {isa = PBXFileReference; lastKnownFileType = sourcecode.c.objc; path = AppDelegate.m; sourceTree = "<group>"; };
		98E4EC671A81C1E800066D12 /* LearningCoreData.xcdatamodel */ = {isa = PBXFileReference; lastKnownFileType = wrapper.xcdatamodel; path = LearningCoreData.xcdatamodel; sourceTree = "<group>"; };
		98E4EC6F1A81C1E800066D12 /* Images.xcassets */ = {isa = PBXFileReference; lastKnownFileType = folder.assetcatalog; path = Images.xcassets; sourceTree = "<group>"; };
		98E4EC721A81C1E800066D12 /* Base */ = {isa = PBXFileReference; lastKnownFileType = file.xib; name = Base; path = Base.lproj/LaunchScreen.xib; sourceTree = "<group>"; };
		98E4EC781A81C1E800066D12 /* LearningCoreDataTests.xctest */ = {isa = PBXFileReference; explicitFileType = wrapper.cfbundle; includeInIndex = 0; path = LearningCoreDataTests.xctest; sourceTree = BUILT_PRODUCTS_DIR; };
		98E4EC7D1A81C1E800066D12 /* Info.plist */ = {isa = PBXFileReference; lastKnownFileType = text.plist.xml; path = Info.plist; sourceTree = "<group>"; };
		98E4EC7E1A81C1E800066D12 /* LearningCoreDataTests.m */ = {isa = PBXFileReference; lastKnownFileType = sourcecode.c.objc; path = LearningCoreDataTests.m; sourceTree = "<group>"; };
		98E4EC881A81C8E100066D12 /* Person.h */ = {isa = PBXFileReference; fileEncoding = 4; lastKnownFileType = sourcecode.c.h; name = Person.h; path = Models/CoreData/Person.h; sourceTree = "<group>"; };
		98E4EC891A81C8E100066D12 /* Person.m */ = {isa = PBXFileReference; fileEncoding = 4; lastKnownFileType = sourcecode.c.objc; name = Person.m; path = Models/CoreData/Person.m; sourceTree = "<group>"; };
		98E4EC8B1A81C8E200066D12 /* Address.h */ = {isa = PBXFileReference; fileEncoding = 4; lastKnownFileType = sourcecode.c.h; name = Address.h; path = Models/CoreData/Address.h; sourceTree = "<group>"; };
		98E4EC8C1A81C8E200066D12 /* Address.m */ = {isa = PBXFileReference; fileEncoding = 4; lastKnownFileType = sourcecode.c.objc; name = Address.m; path = Models/CoreData/Address.m; sourceTree = "<group>"; };
/* End PBXFileReference section */

/* Begin PBXFrameworksBuildPhase section */
		98E4EC591A81C1E800066D12 /* Frameworks */ = {
			isa = PBXFrameworksBuildPhase;
			buildActionMask = 2147483647;
			files = (
			);
			runOnlyForDeploymentPostprocessing = 0;
		};
		98E4EC751A81C1E800066D12 /* Frameworks */ = {
			isa = PBXFrameworksBuildPhase;
			buildActionMask = 2147483647;
			files = (
			);
			runOnlyForDeploymentPostprocessing = 0;
		};
/* End PBXFrameworksBuildPhase section */

/* Begin PBXGroup section */
		982AEB261A8315DC000A3A25 /* View Controllers */ = {
			isa = PBXGroup;
			children = (
				982AEB271A8315DC000A3A25 /* Add */,
				982AEB281A8315DC000A3A25 /* List */,
			);
			path = "View Controllers";
			sourceTree = "<group>";
		};
		982AEB271A8315DC000A3A25 /* Add */ = {
			isa = PBXGroup;
			children = (
				982AEB2C1A831607000A3A25 /* AddViewController.h */,
				982AEB2D1A831607000A3A25 /* AddViewController.m */,
				982AEB2E1A831607000A3A25 /* AddViewController.xib */,
			);
			path = Add;
			sourceTree = "<group>";
		};
		982AEB281A8315DC000A3A25 /* List */ = {
			isa = PBXGroup;
			children = (
				982AEB291A8315DC000A3A25 /* ListTableViewController.h */,
				982AEB2A1A8315DC000A3A25 /* ListTableViewController.m */,
			);
			path = List;
			sourceTree = "<group>";
		};
		98E4EC531A81C1E800066D12 = {
			isa = PBXGroup;
			children = (
				98E4EC5E1A81C1E800066D12 /* LearningCoreData */,
				98E4EC7B1A81C1E800066D12 /* LearningCoreDataTests */,
				98E4EC5D1A81C1E800066D12 /* Products */,
			);
			sourceTree = "<group>";
		};
		98E4EC5D1A81C1E800066D12 /* Products */ = {
			isa = PBXGroup;
			children = (
				98E4EC5C1A81C1E800066D12 /* LearningCoreData.app */,
				98E4EC781A81C1E800066D12 /* LearningCoreDataTests.xctest */,
			);
			name = Products;
			sourceTree = "<group>";
		};
		98E4EC5E1A81C1E800066D12 /* LearningCoreData */ = {
			isa = PBXGroup;
			children = (
				98E4EC631A81C1E800066D12 /* AppDelegate.h */,
				98E4EC641A81C1E800066D12 /* AppDelegate.m */,
				982AEB261A8315DC000A3A25 /* View Controllers */,
				98E4EC8E1A81C8F000066D12 /* Models */,
				98E4EC6F1A81C1E800066D12 /* Images.xcassets */,
				98E4EC711A81C1E800066D12 /* LaunchScreen.xib */,
				98E4EC661A81C1E800066D12 /* LearningCoreData.xcdatamodeld */,
				98E4EC5F1A81C1E800066D12 /* Supporting Files */,
			);
			path = LearningCoreData;
			sourceTree = "<group>";
		};
		98E4EC5F1A81C1E800066D12 /* Supporting Files */ = {
			isa = PBXGroup;
			children = (
				98E4EC601A81C1E800066D12 /* Info.plist */,
				98E4EC611A81C1E800066D12 /* main.m */,
			);
			name = "Supporting Files";
			sourceTree = "<group>";
		};
		98E4EC7B1A81C1E800066D12 /* LearningCoreDataTests */ = {
			isa = PBXGroup;
			children = (
				98E4EC7E1A81C1E800066D12 /* LearningCoreDataTests.m */,
				98E4EC7C1A81C1E800066D12 /* Supporting Files */,
			);
			path = LearningCoreDataTests;
			sourceTree = "<group>";
		};
		98E4EC7C1A81C1E800066D12 /* Supporting Files */ = {
			isa = PBXGroup;
			children = (
				98E4EC7D1A81C1E800066D12 /* Info.plist */,
			);
			name = "Supporting Files";
			sourceTree = "<group>";
		};
		98E4EC8E1A81C8F000066D12 /* Models */ = {
			isa = PBXGroup;
			children = (
				98E4EC8F1A81C8F900066D12 /* CoreData */,
			);
			name = Models;
			sourceTree = "<group>";
		};
		98E4EC8F1A81C8F900066D12 /* CoreData */ = {
			isa = PBXGroup;
			children = (
				98E4EC8B1A81C8E200066D12 /* Address.h */,
				98E4EC8C1A81C8E200066D12 /* Address.m */,
				98E4EC881A81C8E100066D12 /* Person.h */,
				98E4EC891A81C8E100066D12 /* Person.m */,
			);
			name = CoreData;
			sourceTree = "<group>";
		};
/* End PBXGroup section */

/* Begin PBXNativeTarget section */
		98E4EC5B1A81C1E800066D12 /* LearningCoreData */ = {
			isa = PBXNativeTarget;
			buildConfigurationList = 98E4EC821A81C1E800066D12 /* Build configuration list for PBXNativeTarget "LearningCoreData" */;
			buildPhases = (
				98E4EC581A81C1E800066D12 /* Sources */,
				98E4EC591A81C1E800066D12 /* Frameworks */,
				98E4EC5A1A81C1E800066D12 /* Resources */,
			);
			buildRules = (
			);
			dependencies = (
			);
			name = LearningCoreData;
			productName = LearningCoreData;
			productReference = 98E4EC5C1A81C1E800066D12 /* LearningCoreData.app */;
			productType = "com.apple.product-type.application";
		};
		98E4EC771A81C1E800066D12 /* LearningCoreDataTests */ = {
			isa = PBXNativeTarget;
			buildConfigurationList = 98E4EC851A81C1E800066D12 /* Build configuration list for PBXNativeTarget "LearningCoreDataTests" */;
			buildPhases = (
				98E4EC741A81C1E800066D12 /* Sources */,
				98E4EC751A81C1E800066D12 /* Frameworks */,
				98E4EC761A81C1E800066D12 /* Resources */,
			);
			buildRules = (
			);
			dependencies = (
				98E4EC7A1A81C1E800066D12 /* PBXTargetDependency */,
			);
			name = LearningCoreDataTests;
			productName = LearningCoreDataTests;
			productReference = 98E4EC781A81C1E800066D12 /* LearningCoreDataTests.xctest */;
			productType = "com.apple.product-type.bundle.unit-test";
		};
/* End PBXNativeTarget section */

/* Begin PBXProject section */
		98E4EC541A81C1E800066D12 /* Project object */ = {
			isa = PBXProject;
			attributes = {
				LastUpgradeCheck = 0610;
				ORGANIZATIONNAME = "Thakur VJ";
				TargetAttributes = {
					98E4EC5B1A81C1E800066D12 = {
						CreatedOnToolsVersion = 6.1.1;
					};
					98E4EC771A81C1E800066D12 = {
						CreatedOnToolsVersion = 6.1.1;
						TestTargetID = 98E4EC5B1A81C1E800066D12;
					};
				};
			};
			buildConfigurationList = 98E4EC571A81C1E800066D12 /* Build configuration list for PBXProject "LearningCoreData" */;
			compatibilityVersion = "Xcode 3.2";
			developmentRegion = English;
			hasScannedForEncodings = 0;
			knownRegions = (
				en,
				Base,
			);
			mainGroup = 98E4EC531A81C1E800066D12;
			productRefGroup = 98E4EC5D1A81C1E800066D12 /* Products */;
			projectDirPath = "";
			projectRoot = "";
			targets = (
				98E4EC5B1A81C1E800066D12 /* LearningCoreData */,
				98E4EC771A81C1E800066D12 /* LearningCoreDataTests */,
			);
		};
/* End PBXProject section */

/* Begin PBXResourcesBuildPhase section */
		98E4EC5A1A81C1E800066D12 /* Resources */ = {
			isa = PBXResourcesBuildPhase;
			buildActionMask = 2147483647;
			files = (
				982AEB301A831607000A3A25 /* AddViewController.xib in Resources */,
				98E4EC731A81C1E800066D12 /* LaunchScreen.xib in Resources */,
				98E4EC701A81C1E800066D12 /* Images.xcassets in Resources */,
			);
			runOnlyForDeploymentPostprocessing = 0;
		};
		98E4EC761A81C1E800066D12 /* Resources */ = {
			isa = PBXResourcesBuildPhase;
			buildActionMask = 2147483647;
			files = (
			);
			runOnlyForDeploymentPostprocessing = 0;
		};
/* End PBXResourcesBuildPhase section */

/* Begin PBXSourcesBuildPhase section */
		98E4EC581A81C1E800066D12 /* Sources */ = {
			isa = PBXSourcesBuildPhase;
			buildActionMask = 2147483647;
			files = (
				98E4EC8D1A81C8E200066D12 /* Address.m in Sources */,
				98E4EC651A81C1E800066D12 /* AppDelegate.m in Sources */,
				98E4EC621A81C1E800066D12 /* main.m in Sources */,
				982AEB2F1A831607000A3A25 /* AddViewController.m in Sources */,
				98E4EC8A1A81C8E100066D12 /* Person.m in Sources */,
				98E4EC681A81C1E800066D12 /* LearningCoreData.xcdatamodeld in Sources */,
				982AEB2B1A8315DC000A3A25 /* ListTableViewController.m in Sources */,
			);
			runOnlyForDeploymentPostprocessing = 0;
		};
		98E4EC741A81C1E800066D12 /* Sources */ = {
			isa = PBXSourcesBuildPhase;
			buildActionMask = 2147483647;
			files = (
				98E4EC7F1A81C1E800066D12 /* LearningCoreDataTests.m in Sources */,
			);
			runOnlyForDeploymentPostprocessing = 0;
		};
/* End PBXSourcesBuildPhase section */

/* Begin PBXTargetDependency section */
		98E4EC7A1A81C1E800066D12 /* PBXTargetDependency */ = {
			isa = PBXTargetDependency;
			target = 98E4EC5B1A81C1E800066D12 /* LearningCoreData */;
			targetProxy = 98E4EC791A81C1E800066D12 /* PBXContainerItemProxy */;
		};
/* End PBXTargetDependency section */

/* Begin PBXVariantGroup section */
		98E4EC711A81C1E800066D12 /* LaunchScreen.xib */ = {
			isa = PBXVariantGroup;
			children = (
				98E4EC721A81C1E800066D12 /* Base */,
			);
			name = LaunchScreen.xib;
			sourceTree = "<group>";
		};
/* End PBXVariantGroup section */

/* Begin XCBuildConfiguration section */
		98E4EC801A81C1E800066D12 /* Debug */ = {
			isa = XCBuildConfiguration;
			buildSettings = {
				ALWAYS_SEARCH_USER_PATHS = NO;
				CLANG_CXX_LANGUAGE_STANDARD = "gnu++0x";
				CLANG_CXX_LIBRARY = "libc++";
				CLANG_ENABLE_MODULES = YES;
				CLANG_ENABLE_OBJC_ARC = YES;
				CLANG_WARN_BOOL_CONVERSION = YES;
				CLANG_WARN_CONSTANT_CONVERSION = YES;
				CLANG_WARN_DIRECT_OBJC_ISA_USAGE = YES_ERROR;
				CLANG_WARN_EMPTY_BODY = YES;
				CLANG_WARN_ENUM_CONVERSION = YES;
				CLANG_WARN_INT_CONVERSION = YES;
				CLANG_WARN_OBJC_ROOT_CLASS = YES_ERROR;
				CLANG_WARN_UNREACHABLE_CODE = YES;
				CLANG_WARN__DUPLICATE_METHOD_MATCH = YES;
				"CODE_SIGN_IDENTITY[sdk=iphoneos*]" = "iPhone Developer";
				COPY_PHASE_STRIP = NO;
				ENABLE_STRICT_OBJC_MSGSEND = YES;
				GCC_C_LANGUAGE_STANDARD = gnu99;
				GCC_DYNAMIC_NO_PIC = NO;
				GCC_OPTIMIZATION_LEVEL = 0;
				GCC_PREPROCESSOR_DEFINITIONS = (
					"DEBUG=1",
					"$(inherited)",
				);
				GCC_SYMBOLS_PRIVATE_EXTERN = NO;
				GCC_WARN_64_TO_32_BIT_CONVERSION = YES;
				GCC_WARN_ABOUT_RETURN_TYPE = YES_ERROR;
				GCC_WARN_UNDECLARED_SELECTOR = YES;
				GCC_WARN_UNINITIALIZED_AUTOS = YES_AGGRESSIVE;
				GCC_WARN_UNUSED_FUNCTION = YES;
				GCC_WARN_UNUSED_VARIABLE = YES;
				IPHONEOS_DEPLOYMENT_TARGET = 8.1;
				MTL_ENABLE_DEBUG_INFO = YES;
				ONLY_ACTIVE_ARCH = YES;
				SDKROOT = iphoneos;
			};
			name = Debug;
		};
		98E4EC811A81C1E800066D12 /* Release */ = {
			isa = XCBuildConfiguration;
			buildSettings = {
				ALWAYS_SEARCH_USER_PATHS = NO;
				CLANG_CXX_LANGUAGE_STANDARD = "gnu++0x";
				CLANG_CXX_LIBRARY = "libc++";
				CLANG_ENABLE_MODULES = YES;
				CLANG_ENABLE_OBJC_ARC = YES;
				CLANG_WARN_BOOL_CONVERSION = YES;
				CLANG_WARN_CONSTANT_CONVERSION = YES;
				CLANG_WARN_DIRECT_OBJC_ISA_USAGE = YES_ERROR;
				CLANG_WARN_EMPTY_BODY = YES;
				CLANG_WARN_ENUM_CONVERSION = YES;
				CLANG_WARN_INT_CONVERSION = YES;
				CLANG_WARN_OBJC_ROOT_CLASS = YES_ERROR;
				CLANG_WARN_UNREACHABLE_CODE = YES;
				CLANG_WARN__DUPLICATE_METHOD_MATCH = YES;
				"CODE_SIGN_IDENTITY[sdk=iphoneos*]" = "iPhone Developer";
				COPY_PHASE_STRIP = YES;
				ENABLE_NS_ASSERTIONS = NO;
				ENABLE_STRICT_OBJC_MSGSEND = YES;
				GCC_C_LANGUAGE_STANDARD = gnu99;
				GCC_WARN_64_TO_32_BIT_CONVERSION = YES;
				GCC_WARN_ABOUT_RETURN_TYPE = YES_ERROR;
				GCC_WARN_UNDECLARED_SELECTOR = YES;
				GCC_WARN_UNINITIALIZED_AUTOS = YES_AGGRESSIVE;
				GCC_WARN_UNUSED_FUNCTION = YES;
				GCC_WARN_UNUSED_VARIABLE = YES;
				IPHONEOS_DEPLOYMENT_TARGET = 8.1;
				MTL_ENABLE_DEBUG_INFO = NO;
				SDKROOT = iphoneos;
				VALIDATE_PRODUCT = YES;
			};
			name = Release;
		};
		98E4EC831A81C1E800066D12 /* Debug */ = {
			isa = XCBuildConfiguration;
			buildSettings = {
				ASSETCATALOG_COMPILER_APPICON_NAME = AppIcon;
				INFOPLIST_FILE = LearningCoreData/Info.plist;
				LD_RUNPATH_SEARCH_PATHS = "$(inherited) @executable_path/Frameworks";
				PRODUCT_NAME = "$(TARGET_NAME)";
			};
			name = Debug;
		};
		98E4EC841A81C1E800066D12 /* Release */ = {
			isa = XCBuildConfiguration;
			buildSettings = {
				ASSETCATALOG_COMPILER_APPICON_NAME = AppIcon;
				INFOPLIST_FILE = LearningCoreData/Info.plist;
				LD_RUNPATH_SEARCH_PATHS = "$(inherited) @executable_path/Frameworks";
				PRODUCT_NAME = "$(TARGET_NAME)";
			};
			name = Release;
		};
		98E4EC861A81C1E800066D12 /* Debug */ = {
			isa = XCBuildConfiguration;
			buildSettings = {
				BUNDLE_LOADER = "$(TEST_HOST)";
				FRAMEWORK_SEARCH_PATHS = (
					"$(SDKROOT)/Developer/Library/Frameworks",
					"$(inherited)",
				);
				GCC_PREPROCESSOR_DEFINITIONS = (
					"DEBUG=1",
					"$(inherited)",
				);
				INFOPLIST_FILE = LearningCoreDataTests/Info.plist;
				LD_RUNPATH_SEARCH_PATHS = "$(inherited) @executable_path/Frameworks @loader_path/Frameworks";
				PRODUCT_NAME = "$(TARGET_NAME)";
				TEST_HOST = "$(BUILT_PRODUCTS_DIR)/LearningCoreData.app/LearningCoreData";
			};
			name = Debug;
		};
		98E4EC871A81C1E800066D12 /* Release */ = {
			isa = XCBuildConfiguration;
			buildSettings = {
				BUNDLE_LOADER = "$(TEST_HOST)";
				FRAMEWORK_SEARCH_PATHS = (
					"$(SDKROOT)/Developer/Library/Frameworks",
					"$(inherited)",
				);
				INFOPLIST_FILE = LearningCoreDataTests/Info.plist;
				LD_RUNPATH_SEARCH_PATHS = "$(inherited) @executable_path/Frameworks @loader_path/Frameworks";
				PRODUCT_NAME = "$(TARGET_NAME)";
				TEST_HOST = "$(BUILT_PRODUCTS_DIR)/LearningCoreData.app/LearningCoreData";
			};
			name = Release;
		};
/* End XCBuildConfiguration section */

/* Begin XCConfigurationList section */
		98E4EC571A81C1E800066D12 /* Build configuration list for PBXProject "LearningCoreData" */ = {
			isa = XCConfigurationList;
			buildConfigurations = (
				98E4EC801A81C1E800066D12 /* Debug */,
				98E4EC811A81C1E800066D12 /* Release */,
			);
			defaultConfigurationIsVisible = 0;
			defaultConfigurationName = Release;
		};
		98E4EC821A81C1E800066D12 /* Build configuration list for PBXNativeTarget "LearningCoreData" */ = {
			isa = XCConfigurationList;
			buildConfigurations = (
				98E4EC831A81C1E800066D12 /* Debug */,
				98E4EC841A81C1E800066D12 /* Release */,
			);
			defaultConfigurationIsVisible = 0;
			defaultConfigurationName = Release;
		};
		98E4EC851A81C1E800066D12 /* Build configuration list for PBXNativeTarget "LearningCoreDataTests" */ = {
			isa = XCConfigurationList;
			buildConfigurations = (
				98E4EC861A81C1E800066D12 /* Debug */,
				98E4EC871A81C1E800066D12 /* Release */,
			);
			defaultConfigurationIsVisible = 0;
			defaultConfigurationName = Release;
		};
/* End XCConfigurationList section */

/* Begin XCVersionGroup section */
		98E4EC661A81C1E800066D12 /* LearningCoreData.xcdatamodeld */ = {
			isa = XCVersionGroup;
			children = (
				98E4EC671A81C1E800066D12 /* LearningCoreData.xcdatamodel */,
			);
			currentVersion = 98E4EC671A81C1E800066D12 /* LearningCoreData.xcdatamodel */;
			path = LearningCoreData.xcdatamodeld;
			sourceTree = "<group>";
			versionGroupType = wrapper.xcdatamodel;
		};
/* End XCVersionGroup section */
	};
	rootObject = 98E4EC541A81C1E800066D12 /* Project object */;
}
